
Microsoft Visual Studio Solution File, Format Version 12.00
# Visual Studio Version 16
VisualStudioVersion = 16.0.31624.102
MinimumVisualStudioVersion = 10.0.40219.1
Project("{FAE04EC0-301F-11D3-BF4B-00C04F79EFBC}") = "Pong", "Pong\Pong.csproj", "{E5089B76-2918-4409-B698-6C77ECDBB4CB}"
EndProject
Global
	GlobalSection(SolutionConfigurationPlatforms) = preSolution
		Debug|Any CPU = Debug|Any CPU
		Release|Any CPU = Release|Any CPU
	EndGlobalSection
	GlobalSection(ProjectConfigurationPlatforms) = postSolution
		{E5089B76-2918-4409-B698-6C77ECDBB4CB}.Debug|Any CPU.ActiveCfg = Debug|Any CPU
		{E5089B76-2918-4409-B698-6C77ECDBB4CB}.Debug|Any CPU.Build.0 = Debug|Any CPU
		{E5089B76-2918-4409-B698-6C77ECDBB4CB}.Release|Any CPU.ActiveCfg = Release|Any CPU
		{E5089B76-2918-4409-B698-6C77ECDBB4CB}.Release|Any CPU.Build.0 = Release|Any CPU
	EndGlobalSection
	GlobalSection(SolutionProperties) = preSolution
		HideSolutionNode = FALSE
	EndGlobalSection
	GlobalSection(ExtensibilityGlobals) = postSolution
		SolutionGuid = {B4C53B93-7A2D-4E15-A16B-433A1831AD19}
	EndGlobalSection
EndGlobal
